// !$*UTF8*$!
{
	archiveVersion = 1;
	classes = {
	};
	objectVersion = 47;
	objects = {

/* Begin PBXBuildFile section */
		1C7DFF1A1C3CC74C00C3D70D /* QBuril.h in CopyFiles */ = {isa = PBXBuildFile; fileRef = 1C7DFF191C3CC74C00C3D70D /* QBuril.h */; };
		1C7DFF1C1C3CC74C00C3D70D /* QBuril.m in Sources */ = {isa = PBXBuildFile; fileRef = 1C7DFF1B1C3CC74C00C3D70D /* QBuril.m */; };
		1C7DFF261C3CC81800C3D70D /* buril.c in Sources */ = {isa = PBXBuildFile; fileRef = 1C7DFF241C3CC81800C3D70D /* buril.c */; };
/* End PBXBuildFile section */

/* Begin PBXCopyFilesBuildPhase section */
		1C7DFF141C3CC74C00C3D70D /* CopyFiles */ = {
			isa = PBXCopyFilesBuildPhase;
			buildActionMask = 2147483647;
			dstPath = "include/$(PRODUCT_NAME)";
			dstSubfolderSpec = 16;
			files = (
				1C7DFF1A1C3CC74C00C3D70D /* QBuril.h in CopyFiles */,
			);
			runOnlyForDeploymentPostprocessing = 0;
		};
/* End PBXCopyFilesBuildPhase section */

/* Begin PBXFileReference section */
		1C7DFF161C3CC74C00C3D70D /* libBuril.a */ = {isa = PBXFileReference; explicitFileType = archive.ar; includeInIndex = 0; path = libBuril.a; sourceTree = BUILT_PRODUCTS_DIR; };
		1C7DFF191C3CC74C00C3D70D /* QBuril.h */ = {isa = PBXFileReference; lastKnownFileType = sourcecode.c.h; path = QBuril.h; sourceTree = "<group>"; };
		1C7DFF1B1C3CC74C00C3D70D /* QBuril.m */ = {isa = PBXFileReference; lastKnownFileType = sourcecode.c.objc; path = QBuril.m; sourceTree = "<group>"; };
		1C7DFF241C3CC81800C3D70D /* buril.c */ = {isa = PBXFileReference; fileEncoding = 4; lastKnownFileType = sourcecode.c.c; path = buril.c; sourceTree = "<group>"; };
		1C7DFF251C3CC81800C3D70D /* buril.h */ = {isa = PBXFileReference; fileEncoding = 4; lastKnownFileType = sourcecode.c.h; path = buril.h; sourceTree = "<group>"; };
/* End PBXFileReference section */

/* Begin PBXFrameworksBuildPhase section */
		1C7DFF131C3CC74C00C3D70D /* Frameworks */ = {
			isa = PBXFrameworksBuildPhase;
			buildActionMask = 2147483647;
			files = (
			);
			runOnlyForDeploymentPostprocessing = 0;
		};
/* End PBXFrameworksBuildPhase section */

/* Begin PBXGroup section */
		1C7DFF0D1C3CC74C00C3D70D = {
			isa = PBXGroup;
			children = (
				1C7DFF181C3CC74C00C3D70D /* Buril */,
				1C7DFF171C3CC74C00C3D70D /* Products */,
			);
			sourceTree = "<group>";
		};
		1C7DFF171C3CC74C00C3D70D /* Products */ = {
			isa = PBXGroup;
			children = (
				1C7DFF161C3CC74C00C3D70D /* libBuril.a */,
			);
			name = Products;
			sourceTree = "<group>";
		};
		1C7DFF181C3CC74C00C3D70D /* Buril */ = {
			isa = PBXGroup;
			children = (
				1C7DFF241C3CC81800C3D70D /* buril.c */,
				1C7DFF251C3CC81800C3D70D /* buril.h */,
				1C7DFF191C3CC74C00C3D70D /* QBuril.h */,
				1C7DFF1B1C3CC74C00C3D70D /* QBuril.m */,
			);
			path = Buril;
			sourceTree = "<group>";
		};
/* End PBXGroup section */

/* Begin PBXNativeTarget section */
		1C7DFF151C3CC74C00C3D70D /* Buril */ = {
			isa = PBXNativeTarget;
			buildConfigurationList = 1C7DFF1F1C3CC74C00C3D70D /* Build configuration list for PBXNativeTarget "Buril" */;
			buildPhases = (
				1C7DFF121C3CC74C00C3D70D /* Sources */,
				1C7DFF131C3CC74C00C3D70D /* Frameworks */,
				1C7DFF141C3CC74C00C3D70D /* CopyFiles */,
			);
			buildRules = (
			);
			dependencies = (
			);
			name = Buril;
			productName = Buril;
			productReference = 1C7DFF161C3CC74C00C3D70D /* libBuril.a */;
			productType = "com.apple.product-type.library.static";
		};
/* End PBXNativeTarget section */

/* Begin PBXProject section */
		1C7DFF0E1C3CC74C00C3D70D /* Project object */ = {
			isa = PBXProject;
			attributes = {
				LastUpgradeCheck = 0720;
				ORGANIZATIONNAME = "Pedro Ontiveros";
				TargetAttributes = {
					1C7DFF151C3CC74C00C3D70D = {
						CreatedOnToolsVersion = 7.2;
					};
				};
			};
			buildConfigurationList = 1C7DFF111C3CC74C00C3D70D /* Build configuration list for PBXProject "Buril" */;
			compatibilityVersion = "Xcode 6.3";
			developmentRegion = English;
			hasScannedForEncodings = 0;
			knownRegions = (
				en,
			);
			mainGroup = 1C7DFF0D1C3CC74C00C3D70D;
			productRefGroup = 1C7DFF171C3CC74C00C3D70D /* Products */;
			projectDirPath = "";
			projectRoot = "";
			targets = (
				1C7DFF151C3CC74C00C3D70D /* Buril */,
			);
		};
/* End PBXProject section */

/* Begin PBXSourcesBuildPhase section */
		1C7DFF121C3CC74C00C3D70D /* Sources */ = {
			isa = PBXSourcesBuildPhase;
			buildActionMask = 2147483647;
			files = (
				1C7DFF261C3CC81800C3D70D /* buril.c in Sources */,
				1C7DFF1C1C3CC74C00C3D70D /* QBuril.m in Sources */,
			);
			runOnlyForDeploymentPostprocessing = 0;
		};
/* End PBXSourcesBuildPhase section */

/* Begin XCBuildConfiguration section */
		1C7DFF1D1C3CC74C00C3D70D /* Debug */ = {
			isa = XCBuildConfiguration;
			buildSettings = {
				ALWAYS_SEARCH_USER_PATHS = NO;
				CLANG_CXX_LANGUAGE_STANDARD = "gnu++0x";
				CLANG_CXX_LIBRARY = "libc++";
				CLANG_ENABLE_MODULES = YES;
				CLANG_ENABLE_OBJC_ARC = YES;
				CLANG_WARN_BOOL_CONVERSION = YES;
				CLANG_WARN_CONSTANT_CONVERSION = YES;
				CLANG_WARN_DIRECT_OBJC_ISA_USAGE = YES_ERROR;
				CLANG_WARN_EMPTY_BODY = YES;
				CLANG_WARN_ENUM_CONVERSION = YES;
				CLANG_WARN_INT_CONVERSION = YES;
				CLANG_WARN_OBJC_ROOT_CLASS = YES_ERROR;
				CLANG_WARN_UNREACHABLE_CODE = YES;
				CLANG_WARN__DUPLICATE_METHOD_MATCH = YES;
				"CODE_SIGN_IDENTITY[sdk=iphoneos*]" = "iPhone Developer";
				COPY_PHASE_STRIP = NO;
				DEBUG_INFORMATION_FORMAT = dwarf;
				ENABLE_STRICT_OBJC_MSGSEND = YES;
				ENABLE_TESTABILITY = YES;
				GCC_C_LANGUAGE_STANDARD = gnu99;
				GCC_DYNAMIC_NO_PIC = NO;
				GCC_NO_COMMON_BLOCKS = YES;
				GCC_OPTIMIZATION_LEVEL = 0;
				GCC_PREPROCESSOR_DEFINITIONS = (
					"DEBUG=1",
					"$(inherited)",
				);
				GCC_WARN_64_TO_32_BIT_CONVERSION = YES;
				GCC_WARN_ABOUT_RETURN_TYPE = YES_ERROR;
				GCC_WARN_UNDECLARED_SELECTOR = YES;
				GCC_WARN_UNINITIALIZED_AUTOS = YES_AGGRESSIVE;
				GCC_WARN_UNUSED_FUNCTION = YES;
				GCC_WARN_UNUSED_VARIABLE = YES;
				IPHONEOS_DEPLOYMENT_TARGET = 9.2;
				MTL_ENABLE_DEBUG_INFO = YES;
				ONLY_ACTIVE_ARCH = YES;
				SDKROOT = iphoneos;
			};
			name = Debug;
		};
		1C7DFF1E1C3CC74C00C3D70D /* Release */ = {
			isa = XCBuildConfiguration;
			buildSettings = {
				ALWAYS_SEARCH_USER_PATHS = NO;
				CLANG_CXX_LANGUAGE_STANDARD = "gnu++0x";
				CLANG_CXX_LIBRARY = "libc++";
				CLANG_ENABLE_MODULES = YES;
				CLANG_ENABLE_OBJC_ARC = YES;
				CLANG_WARN_BOOL_CONVERSION = YES;
				CLANG_WARN_CONSTANT_CONVERSION = YES;
				CLANG_WARN_DIRECT_OBJC_ISA_USAGE = YES_ERROR;
				CLANG_WARN_EMPTY_BODY = YES;
				CLANG_WARN_ENUM_CONVERSION = YES;
				CLANG_WARN_INT_CONVERSION = YES;
				CLANG_WARN_OBJC_ROOT_CLASS = YES_ERROR;
				CLANG_WARN_UNREACHABLE_CODE = YES;
				CLANG_WARN__DUPLICATE_METHOD_MATCH = YES;
				"CODE_SIGN_IDENTITY[sdk=iphoneos*]" = "iPhone Developer";
				COPY_PHASE_STRIP = NO;
				DEBUG_INFORMATION_FORMAT = "dwarf-with-dsym";
				ENABLE_NS_ASSERTIONS = NO;
				ENABLE_STRICT_OBJC_MSGSEND = YES;
				GCC_C_LANGUAGE_STANDARD = gnu99;
				GCC_NO_COMMON_BLOCKS = YES;
				GCC_WARN_64_TO_32_BIT_CONVERSION = YES;
				GCC_WARN_ABOUT_RETURN_TYPE = YES_ERROR;
				GCC_WARN_UNDECLARED_SELECTOR = YES;
				GCC_WARN_UNINITIALIZED_AUTOS = YES_AGGRESSIVE;
				GCC_WARN_UNUSED_FUNCTION = YES;
				GCC_WARN_UNUSED_VARIABLE = YES;
				IPHONEOS_DEPLOYMENT_TARGET = 9.2;
				MTL_ENABLE_DEBUG_INFO = NO;
				SDKROOT = iphoneos;
				VALIDATE_PRODUCT = YES;
			};
			name = Release;
		};
		1C7DFF201C3CC74C00C3D70D /* Debug */ = {
			isa = XCBuildConfiguration;
			buildSettings = {
				ENABLE_BITCODE = NO;
				OTHER_LDFLAGS = "-ObjC";
				PRODUCT_NAME = "$(TARGET_NAME)";
				SKIP_INSTALL = YES;
			};
			name = Debug;
		};
		1C7DFF211C3CC74C00C3D70D /* Release */ = {
			isa = XCBuildConfiguration;
			buildSettings = {
				ENABLE_BITCODE = NO;
				OTHER_LDFLAGS = "-ObjC";
				PRODUCT_NAME = "$(TARGET_NAME)";
				SKIP_INSTALL = YES;
			};
			name = Release;
		};
/* End XCBuildConfiguration section */

/* Begin XCConfigurationList section */
		1C7DFF111C3CC74C00C3D70D /* Build configuration list for PBXProject "Buril" */ = {
			isa = XCConfigurationList;
			buildConfigurations = (
				1C7DFF1D1C3CC74C00C3D70D /* Debug */,
				1C7DFF1E1C3CC74C00C3D70D /* Release */,
			);
			defaultConfigurationIsVisible = 0;
			defaultConfigurationName = Release;
		};
		1C7DFF1F1C3CC74C00C3D70D /* Build configuration list for PBXNativeTarget "Buril" */ = {
			isa = XCConfigurationList;
			buildConfigurations = (
				1C7DFF201C3CC74C00C3D70D /* Debug */,
				1C7DFF211C3CC74C00C3D70D /* Release */,
			);
			defaultConfigurationIsVisible = 0;
		};
/* End XCConfigurationList section */
	};
	rootObject = 1C7DFF0E1C3CC74C00C3D70D /* Project object */;
}
