// !$*UTF8*$!
{
	archiveVersion = 1;
	classes = {
	};
	objectVersion = 46;
	objects = {

/* Begin PBXBuildFile section */
		1C0B965F1B0677A300E43B62 /* RegionMonitor.m in Sources */ = {isa = PBXBuildFile; fileRef = 1C0B965E1B0677A300E43B62 /* RegionMonitor.m */; };
		1C153F8C1B039D5200187EB7 /* main.m in Sources */ = {isa = PBXBuildFile; fileRef = 1C153F8B1B039D5200187EB7 /* main.m */; };
		1C153F8F1B039D5200187EB7 /* AppDelegate.m in Sources */ = {isa = PBXBuildFile; fileRef = 1C153F8E1B039D5200187EB7 /* AppDelegate.m */; };
		1C153F921B039D5200187EB7 /* iOSWorkshop.xcdatamodeld in Sources */ = {isa = PBXBuildFile; fileRef = 1C153F901B039D5200187EB7 /* iOSWorkshop.xcdatamodeld */; };
		1C153F951B039D5200187EB7 /* RootViewController.m in Sources */ = {isa = PBXBuildFile; fileRef = 1C153F941B039D5200187EB7 /* RootViewController.m */; };
		1C153F981B039D5200187EB7 /* Main.storyboard in Resources */ = {isa = PBXBuildFile; fileRef = 1C153F961B039D5200187EB7 /* Main.storyboard */; };
		1C153F9A1B039D5200187EB7 /* Images.xcassets in Resources */ = {isa = PBXBuildFile; fileRef = 1C153F991B039D5200187EB7 /* Images.xcassets */; };
		1C153F9D1B039D5200187EB7 /* LaunchScreen.xib in Resources */ = {isa = PBXBuildFile; fileRef = 1C153F9B1B039D5200187EB7 /* LaunchScreen.xib */; };
		1C153FA91B039D5200187EB7 /* iOSWorkshopTests.m in Sources */ = {isa = PBXBuildFile; fileRef = 1C153FA81B039D5200187EB7 /* iOSWorkshopTests.m */; };
		1C168F211B1A5080003957BD /* MultiThreadVC.m in Sources */ = {isa = PBXBuildFile; fileRef = 1C168F201B1A5080003957BD /* MultiThreadVC.m */; };
		1C168F231B1A50A7003957BD /* MultiThreadView.xib in Resources */ = {isa = PBXBuildFile; fileRef = 1C168F221B1A50A7003957BD /* MultiThreadView.xib */; };
		1C168F271B1BED4D003957BD /* GrandCentralDispatchVC.m in Sources */ = {isa = PBXBuildFile; fileRef = 1C168F261B1BED4D003957BD /* GrandCentralDispatchVC.m */; };
		1C168F291B1BED91003957BD /* GrandCentralDispatchView.xib in Resources */ = {isa = PBXBuildFile; fileRef = 1C168F281B1BED91003957BD /* GrandCentralDispatchView.xib */; };
		1C49920C1B2CE9F60011048B /* NetworkingVC.m in Sources */ = {isa = PBXBuildFile; fileRef = 1C49920B1B2CE9F60011048B /* NetworkingVC.m */; };
		1C49920E1B2CEA1C0011048B /* NetworkingView.xib in Resources */ = {isa = PBXBuildFile; fileRef = 1C49920D1B2CEA1C0011048B /* NetworkingView.xib */; };
		1C5653B81B03C99900BBE07D /* IBeaconView.xib in Resources */ = {isa = PBXBuildFile; fileRef = 1C5653B71B03C99900BBE07D /* IBeaconView.xib */; };
		1C5653BB1B03C9D600BBE07D /* IBeaconViewController.m in Sources */ = {isa = PBXBuildFile; fileRef = 1C5653BA1B03C9D600BBE07D /* IBeaconViewController.m */; };
		1C5653BD1B03CCD400BBE07D /* CoreLocation.framework in Frameworks */ = {isa = PBXBuildFile; fileRef = 1C5653BC1B03CCD400BBE07D /* CoreLocation.framework */; };
		1C5653C01B04B6EB00BBE07D /* CoreBluetooth.framework in Frameworks */ = {isa = PBXBuildFile; fileRef = 1C5653BF1B04B6EB00BBE07D /* CoreBluetooth.framework */; };
		1CA75F951B1C8F5C00ACDCB7 /* NSThreadVC.m in Sources */ = {isa = PBXBuildFile; fileRef = 1CA75F941B1C8F5C00ACDCB7 /* NSThreadVC.m */; };
		1CA75F971B1C8F9000ACDCB7 /* NSThreadView.xib in Resources */ = {isa = PBXBuildFile; fileRef = 1CA75F961B1C8F9000ACDCB7 /* NSThreadView.xib */; };
		1CC9CCA21B041EF6001EB21A /* UIWebViewController.m in Sources */ = {isa = PBXBuildFile; fileRef = 1CC9CCA11B041EF6001EB21A /* UIWebViewController.m */; };
		1CECEF1F1B2FAFCC00A1CA73 /* CameraVC.m in Sources */ = {isa = PBXBuildFile; fileRef = 1CECEF1E1B2FAFCC00A1CA73 /* CameraVC.m */; };
		1CECEF201B2FAFCC00A1CA73 /* CameraVC.m in Sources */ = {isa = PBXBuildFile; fileRef = 1CECEF1E1B2FAFCC00A1CA73 /* CameraVC.m */; };
		1CECEF221B2FB06800A1CA73 /* CameraView.xib in Resources */ = {isa = PBXBuildFile; fileRef = 1CECEF211B2FB06800A1CA73 /* CameraView.xib */; };
		1CECEF231B2FB06800A1CA73 /* CameraView.xib in Resources */ = {isa = PBXBuildFile; fileRef = 1CECEF211B2FB06800A1CA73 /* CameraView.xib */; };
/* End PBXBuildFile section */

/* Begin PBXContainerItemProxy section */
		1C153FA31B039D5200187EB7 /* PBXContainerItemProxy */ = {
			isa = PBXContainerItemProxy;
			containerPortal = 1C153F7E1B039D5200187EB7 /* Project object */;
			proxyType = 1;
			remoteGlobalIDString = 1C153F851B039D5200187EB7;
			remoteInfo = iOS8Fundamentals;
		};
/* End PBXContainerItemProxy section */

/* Begin PBXFileReference section */
		1C0B965D1B0677A300E43B62 /* RegionMonitor.h */ = {isa = PBXFileReference; fileEncoding = 4; lastKnownFileType = sourcecode.c.h; path = RegionMonitor.h; sourceTree = "<group>"; };
		1C0B965E1B0677A300E43B62 /* RegionMonitor.m */ = {isa = PBXFileReference; fileEncoding = 4; lastKnownFileType = sourcecode.c.objc; path = RegionMonitor.m; sourceTree = "<group>"; };
		1C153F861B039D5200187EB7 /* iOSWorkshop.app */ = {isa = PBXFileReference; explicitFileType = wrapper.application; includeInIndex = 0; path = iOSWorkshop.app; sourceTree = BUILT_PRODUCTS_DIR; };
		1C153F8A1B039D5200187EB7 /* Info.plist */ = {isa = PBXFileReference; lastKnownFileType = text.plist.xml; path = Info.plist; sourceTree = "<group>"; };
		1C153F8B1B039D5200187EB7 /* main.m */ = {isa = PBXFileReference; lastKnownFileType = sourcecode.c.objc; path = main.m; sourceTree = "<group>"; };
		1C153F8D1B039D5200187EB7 /* AppDelegate.h */ = {isa = PBXFileReference; lastKnownFileType = sourcecode.c.h; path = AppDelegate.h; sourceTree = "<group>"; };
		1C153F8E1B039D5200187EB7 /* AppDelegate.m */ = {isa = PBXFileReference; lastKnownFileType = sourcecode.c.objc; path = AppDelegate.m; sourceTree = "<group>"; };
		1C153F911B039D5200187EB7 /* iOSWorkshop.xcdatamodel */ = {isa = PBXFileReference; lastKnownFileType = wrapper.xcdatamodel; path = iOSWorkshop.xcdatamodel; sourceTree = "<group>"; };
		1C153F931B039D5200187EB7 /* RootViewController.h */ = {isa = PBXFileReference; lastKnownFileType = sourcecode.c.h; path = RootViewController.h; sourceTree = "<group>"; };
		1C153F941B039D5200187EB7 /* RootViewController.m */ = {isa = PBXFileReference; lastKnownFileType = sourcecode.c.objc; path = RootViewController.m; sourceTree = "<group>"; };
		1C153F971B039D5200187EB7 /* Base */ = {isa = PBXFileReference; lastKnownFileType = file.storyboard; name = Base; path = Base.lproj/Main.storyboard; sourceTree = "<group>"; };
		1C153F991B039D5200187EB7 /* Images.xcassets */ = {isa = PBXFileReference; lastKnownFileType = folder.assetcatalog; path = Images.xcassets; sourceTree = "<group>"; };
		1C153F9C1B039D5200187EB7 /* Base */ = {isa = PBXFileReference; lastKnownFileType = file.xib; name = Base; path = Base.lproj/LaunchScreen.xib; sourceTree = "<group>"; };
		1C153FA21B039D5200187EB7 /* iOSWorkshopTests.xctest */ = {isa = PBXFileReference; explicitFileType = wrapper.cfbundle; includeInIndex = 0; path = iOSWorkshopTests.xctest; sourceTree = BUILT_PRODUCTS_DIR; };
		1C153FA71B039D5200187EB7 /* Info.plist */ = {isa = PBXFileReference; lastKnownFileType = text.plist.xml; path = Info.plist; sourceTree = "<group>"; };
		1C153FA81B039D5200187EB7 /* iOSWorkshopTests.m */ = {isa = PBXFileReference; lastKnownFileType = sourcecode.c.objc; path = iOSWorkshopTests.m; sourceTree = "<group>"; };
		1C168F1F1B1A5080003957BD /* MultiThreadVC.h */ = {isa = PBXFileReference; fileEncoding = 4; lastKnownFileType = sourcecode.c.h; path = MultiThreadVC.h; sourceTree = "<group>"; };
		1C168F201B1A5080003957BD /* MultiThreadVC.m */ = {isa = PBXFileReference; fileEncoding = 4; lastKnownFileType = sourcecode.c.objc; path = MultiThreadVC.m; sourceTree = "<group>"; };
		1C168F221B1A50A7003957BD /* MultiThreadView.xib */ = {isa = PBXFileReference; fileEncoding = 4; lastKnownFileType = file.xib; path = MultiThreadView.xib; sourceTree = "<group>"; };
		1C168F251B1BED4D003957BD /* GrandCentralDispatchVC.h */ = {isa = PBXFileReference; fileEncoding = 4; lastKnownFileType = sourcecode.c.h; path = GrandCentralDispatchVC.h; sourceTree = "<group>"; };
		1C168F261B1BED4D003957BD /* GrandCentralDispatchVC.m */ = {isa = PBXFileReference; fileEncoding = 4; lastKnownFileType = sourcecode.c.objc; path = GrandCentralDispatchVC.m; sourceTree = "<group>"; };
		1C168F281B1BED91003957BD /* GrandCentralDispatchView.xib */ = {isa = PBXFileReference; fileEncoding = 4; lastKnownFileType = file.xib; path = GrandCentralDispatchView.xib; sourceTree = "<group>"; };
		1C49920A1B2CE9F60011048B /* NetworkingVC.h */ = {isa = PBXFileReference; fileEncoding = 4; lastKnownFileType = sourcecode.c.h; path = NetworkingVC.h; sourceTree = "<group>"; };
		1C49920B1B2CE9F60011048B /* NetworkingVC.m */ = {isa = PBXFileReference; fileEncoding = 4; lastKnownFileType = sourcecode.c.objc; path = NetworkingVC.m; sourceTree = "<group>"; };
		1C49920D1B2CEA1C0011048B /* NetworkingView.xib */ = {isa = PBXFileReference; fileEncoding = 4; lastKnownFileType = file.xib; path = NetworkingView.xib; sourceTree = "<group>"; };
		1C5653B71B03C99900BBE07D /* IBeaconView.xib */ = {isa = PBXFileReference; fileEncoding = 4; lastKnownFileType = file.xib; path = IBeaconView.xib; sourceTree = "<group>"; };
		1C5653B91B03C9D600BBE07D /* IBeaconViewController.h */ = {isa = PBXFileReference; fileEncoding = 4; lastKnownFileType = sourcecode.c.h; path = IBeaconViewController.h; sourceTree = "<group>"; };
		1C5653BA1B03C9D600BBE07D /* IBeaconViewController.m */ = {isa = PBXFileReference; fileEncoding = 4; lastKnownFileType = sourcecode.c.objc; path = IBeaconViewController.m; sourceTree = "<group>"; };
		1C5653BC1B03CCD400BBE07D /* CoreLocation.framework */ = {isa = PBXFileReference; lastKnownFileType = wrapper.framework; name = CoreLocation.framework; path = System/Library/Frameworks/CoreLocation.framework; sourceTree = SDKROOT; };
		1C5653BF1B04B6EB00BBE07D /* CoreBluetooth.framework */ = {isa = PBXFileReference; lastKnownFileType = wrapper.framework; name = CoreBluetooth.framework; path = System/Library/Frameworks/CoreBluetooth.framework; sourceTree = SDKROOT; };
		1CA75F931B1C8F5C00ACDCB7 /* NSThreadVC.h */ = {isa = PBXFileReference; fileEncoding = 4; lastKnownFileType = sourcecode.c.h; path = NSThreadVC.h; sourceTree = "<group>"; };
		1CA75F941B1C8F5C00ACDCB7 /* NSThreadVC.m */ = {isa = PBXFileReference; fileEncoding = 4; lastKnownFileType = sourcecode.c.objc; path = NSThreadVC.m; sourceTree = "<group>"; };
		1CA75F961B1C8F9000ACDCB7 /* NSThreadView.xib */ = {isa = PBXFileReference; fileEncoding = 4; lastKnownFileType = file.xib; path = NSThreadView.xib; sourceTree = "<group>"; };
		1CC9CCA01B041EF6001EB21A /* UIWebViewController.h */ = {isa = PBXFileReference; fileEncoding = 4; lastKnownFileType = sourcecode.c.h; path = UIWebViewController.h; sourceTree = "<group>"; };
		1CC9CCA11B041EF6001EB21A /* UIWebViewController.m */ = {isa = PBXFileReference; fileEncoding = 4; lastKnownFileType = sourcecode.c.objc; path = UIWebViewController.m; sourceTree = "<group>"; };
		1CECEF1D1B2FAFCC00A1CA73 /* CameraVC.h */ = {isa = PBXFileReference; fileEncoding = 4; lastKnownFileType = sourcecode.c.h; path = CameraVC.h; sourceTree = "<group>"; };
		1CECEF1E1B2FAFCC00A1CA73 /* CameraVC.m */ = {isa = PBXFileReference; fileEncoding = 4; lastKnownFileType = sourcecode.c.objc; path = CameraVC.m; sourceTree = "<group>"; };
		1CECEF211B2FB06800A1CA73 /* CameraView.xib */ = {isa = PBXFileReference; fileEncoding = 4; lastKnownFileType = file.xib; path = CameraView.xib; sourceTree = "<group>"; };
/* End PBXFileReference section */

/* Begin PBXFrameworksBuildPhase section */
		1C153F831B039D5200187EB7 /* Frameworks */ = {
			isa = PBXFrameworksBuildPhase;
			buildActionMask = 2147483647;
			files = (
				1C5653C01B04B6EB00BBE07D /* CoreBluetooth.framework in Frameworks */,
				1C5653BD1B03CCD400BBE07D /* CoreLocation.framework in Frameworks */,
			);
			runOnlyForDeploymentPostprocessing = 0;
		};
		1C153F9F1B039D5200187EB7 /* Frameworks */ = {
			isa = PBXFrameworksBuildPhase;
			buildActionMask = 2147483647;
			files = (
			);
			runOnlyForDeploymentPostprocessing = 0;
		};
/* End PBXFrameworksBuildPhase section */

/* Begin PBXGroup section */
		1C153F7D1B039D5200187EB7 = {
			isa = PBXGroup;
			children = (
				1C153F881B039D5200187EB7 /* iOSWorkshop */,
				1C153FA51B039D5200187EB7 /* iOSWorkshopTests */,
				1C5653BE1B03CCDB00BBE07D /* Frameworks */,
				1C153F871B039D5200187EB7 /* Products */,
			);
			sourceTree = "<group>";
		};
		1C153F871B039D5200187EB7 /* Products */ = {
			isa = PBXGroup;
			children = (
				1C153F861B039D5200187EB7 /* iOSWorkshop.app */,
				1C153FA21B039D5200187EB7 /* iOSWorkshopTests.xctest */,
			);
			name = Products;
			sourceTree = "<group>";
		};
		1C153F881B039D5200187EB7 /* iOSWorkshop */ = {
			isa = PBXGroup;
			children = (
				1C8D2D2B1B308DFC0094ED97 /* Services */,
				1C0B965D1B0677A300E43B62 /* RegionMonitor.h */,
				1C0B965E1B0677A300E43B62 /* RegionMonitor.m */,
				1C4992091B2CE9A00011048B /* Networking */,
				1C168F241B1BED20003957BD /* ThreadPrograming */,
				1C153F8D1B039D5200187EB7 /* AppDelegate.h */,
				1C153F8E1B039D5200187EB7 /* AppDelegate.m */,
				1C153F931B039D5200187EB7 /* RootViewController.h */,
				1C153F941B039D5200187EB7 /* RootViewController.m */,
				1CC9CCA01B041EF6001EB21A /* UIWebViewController.h */,
				1CC9CCA11B041EF6001EB21A /* UIWebViewController.m */,
				1C153F961B039D5200187EB7 /* Main.storyboard */,
				1C5653B71B03C99900BBE07D /* IBeaconView.xib */,
				1C5653B91B03C9D600BBE07D /* IBeaconViewController.h */,
				1C5653BA1B03C9D600BBE07D /* IBeaconViewController.m */,
				1CECEF1D1B2FAFCC00A1CA73 /* CameraVC.h */,
				1CECEF1E1B2FAFCC00A1CA73 /* CameraVC.m */,
				1CECEF211B2FB06800A1CA73 /* CameraView.xib */,
				1C153F991B039D5200187EB7 /* Images.xcassets */,
				1C153F9B1B039D5200187EB7 /* LaunchScreen.xib */,
				1C153F901B039D5200187EB7 /* iOSWorkshop.xcdatamodeld */,
				1C153F891B039D5200187EB7 /* Supporting Files */,
			);
			name = iOSWorkshop;
			path = iOS8Fundamentals;
			sourceTree = "<group>";
		};
		1C153F891B039D5200187EB7 /* Supporting Files */ = {
			isa = PBXGroup;
			children = (
				1C153F8A1B039D5200187EB7 /* Info.plist */,
				1C153F8B1B039D5200187EB7 /* main.m */,
			);
			name = "Supporting Files";
			sourceTree = "<group>";
		};
		1C153FA51B039D5200187EB7 /* iOSWorkshopTests */ = {
			isa = PBXGroup;
			children = (
				1C153FA81B039D5200187EB7 /* iOSWorkshopTests.m */,
				1C153FA61B039D5200187EB7 /* Supporting Files */,
			);
			name = iOSWorkshopTests;
			path = iOS8FundamentalsTests;
			sourceTree = "<group>";
		};
		1C153FA61B039D5200187EB7 /* Supporting Files */ = {
			isa = PBXGroup;
			children = (
				1C153FA71B039D5200187EB7 /* Info.plist */,
			);
			name = "Supporting Files";
			sourceTree = "<group>";
		};
		1C168F241B1BED20003957BD /* ThreadPrograming */ = {
			isa = PBXGroup;
			children = (
				1C168F1F1B1A5080003957BD /* MultiThreadVC.h */,
				1C168F201B1A5080003957BD /* MultiThreadVC.m */,
				1C168F221B1A50A7003957BD /* MultiThreadView.xib */,
				1C168F251B1BED4D003957BD /* GrandCentralDispatchVC.h */,
				1C168F261B1BED4D003957BD /* GrandCentralDispatchVC.m */,
				1C168F281B1BED91003957BD /* GrandCentralDispatchView.xib */,
				1CA75F931B1C8F5C00ACDCB7 /* NSThreadVC.h */,
				1CA75F941B1C8F5C00ACDCB7 /* NSThreadVC.m */,
				1CA75F961B1C8F9000ACDCB7 /* NSThreadView.xib */,
			);
			name = ThreadPrograming;
			sourceTree = "<group>";
		};
		1C4992091B2CE9A00011048B /* Networking */ = {
			isa = PBXGroup;
			children = (
				1C49920A1B2CE9F60011048B /* NetworkingVC.h */,
				1C49920B1B2CE9F60011048B /* NetworkingVC.m */,
				1C49920D1B2CEA1C0011048B /* NetworkingView.xib */,
			);
			name = Networking;
			sourceTree = "<group>";
		};
		1C5653BE1B03CCDB00BBE07D /* Frameworks */ = {
			isa = PBXGroup;
			children = (
				1C5653BF1B04B6EB00BBE07D /* CoreBluetooth.framework */,
				1C5653BC1B03CCD400BBE07D /* CoreLocation.framework */,
			);
			name = Frameworks;
			sourceTree = "<group>";
		};
		1C8D2D2B1B308DFC0094ED97 /* Services */ = {
			isa = PBXGroup;
			children = (
			);
			name = Services;
			sourceTree = "<group>";
		};
/* End PBXGroup section */

/* Begin PBXNativeTarget section */
		1C153F851B039D5200187EB7 /* iOSWorkshop */ = {
			isa = PBXNativeTarget;
			buildConfigurationList = 1C153FAC1B039D5200187EB7 /* Build configuration list for PBXNativeTarget "iOSWorkshop" */;
			buildPhases = (
				1C153F821B039D5200187EB7 /* Sources */,
				1C153F831B039D5200187EB7 /* Frameworks */,
				1C153F841B039D5200187EB7 /* Resources */,
			);
			buildRules = (
			);
			dependencies = (
			);
			name = iOSWorkshop;
			productName = iOS8Fundamentals;
			productReference = 1C153F861B039D5200187EB7 /* iOSWorkshop.app */;
			productType = "com.apple.product-type.application";
		};
		1C153FA11B039D5200187EB7 /* iOSWorkshopTests */ = {
			isa = PBXNativeTarget;
			buildConfigurationList = 1C153FAF1B039D5200187EB7 /* Build configuration list for PBXNativeTarget "iOSWorkshopTests" */;
			buildPhases = (
				1C153F9E1B039D5200187EB7 /* Sources */,
				1C153F9F1B039D5200187EB7 /* Frameworks */,
				1C153FA01B039D5200187EB7 /* Resources */,
			);
			buildRules = (
			);
			dependencies = (
				1C153FA41B039D5200187EB7 /* PBXTargetDependency */,
			);
			name = iOSWorkshopTests;
			productName = iOS8FundamentalsTests;
			productReference = 1C153FA21B039D5200187EB7 /* iOSWorkshopTests.xctest */;
			productType = "com.apple.product-type.bundle.unit-test";
		};
/* End PBXNativeTarget section */

/* Begin PBXProject section */
		1C153F7E1B039D5200187EB7 /* Project object */ = {
			isa = PBXProject;
			attributes = {
				LastUpgradeCheck = 0630;
				ORGANIZATIONNAME = "Pedro Ontiveros";
				TargetAttributes = {
					1C153F851B039D5200187EB7 = {
						CreatedOnToolsVersion = 6.3.1;
						DevelopmentTeam = DXK2N8YN8R;
						SystemCapabilities = {
							com.apple.BackgroundModes = {
								enabled = 1;
							};
						};
					};
					1C153FA11B039D5200187EB7 = {
						CreatedOnToolsVersion = 6.3.1;
						TestTargetID = 1C153F851B039D5200187EB7;
					};
				};
			};
			buildConfigurationList = 1C153F811B039D5200187EB7 /* Build configuration list for PBXProject "iOSWorkshop" */;
			compatibilityVersion = "Xcode 3.2";
			developmentRegion = English;
			hasScannedForEncodings = 0;
			knownRegions = (
				en,
				Base,
			);
			mainGroup = 1C153F7D1B039D5200187EB7;
			productRefGroup = 1C153F871B039D5200187EB7 /* Products */;
			projectDirPath = "";
			projectRoot = "";
			targets = (
				1C153F851B039D5200187EB7 /* iOSWorkshop */,
				1C153FA11B039D5200187EB7 /* iOSWorkshopTests */,
			);
		};
/* End PBXProject section */

/* Begin PBXResourcesBuildPhase section */
		1C153F841B039D5200187EB7 /* Resources */ = {
			isa = PBXResourcesBuildPhase;
			buildActionMask = 2147483647;
			files = (
				1C5653B81B03C99900BBE07D /* IBeaconView.xib in Resources */,
				1CA75F971B1C8F9000ACDCB7 /* NSThreadView.xib in Resources */,
				1C168F291B1BED91003957BD /* GrandCentralDispatchView.xib in Resources */,
				1CECEF221B2FB06800A1CA73 /* CameraView.xib in Resources */,
				1C168F231B1A50A7003957BD /* MultiThreadView.xib in Resources */,
				1C153F981B039D5200187EB7 /* Main.storyboard in Resources */,
				1C153F9D1B039D5200187EB7 /* LaunchScreen.xib in Resources */,
				1C49920E1B2CEA1C0011048B /* NetworkingView.xib in Resources */,
				1C153F9A1B039D5200187EB7 /* Images.xcassets in Resources */,
			);
			runOnlyForDeploymentPostprocessing = 0;
		};
		1C153FA01B039D5200187EB7 /* Resources */ = {
			isa = PBXResourcesBuildPhase;
			buildActionMask = 2147483647;
			files = (
				1CECEF231B2FB06800A1CA73 /* CameraView.xib in Resources */,
			);
			runOnlyForDeploymentPostprocessing = 0;
		};
/* End PBXResourcesBuildPhase section */

/* Begin PBXSourcesBuildPhase section */
		1C153F821B039D5200187EB7 /* Sources */ = {
			isa = PBXSourcesBuildPhase;
			buildActionMask = 2147483647;
			files = (
				1CA75F951B1C8F5C00ACDCB7 /* NSThreadVC.m in Sources */,
				1C153F8F1B039D5200187EB7 /* AppDelegate.m in Sources */,
				1C153F921B039D5200187EB7 /* iOSWorkshop.xcdatamodeld in Sources */,
				1C5653BB1B03C9D600BBE07D /* IBeaconViewController.m in Sources */,
				1C168F271B1BED4D003957BD /* GrandCentralDispatchVC.m in Sources */,
				1CC9CCA21B041EF6001EB21A /* UIWebViewController.m in Sources */,
				1C153F951B039D5200187EB7 /* RootViewController.m in Sources */,
				1CECEF1F1B2FAFCC00A1CA73 /* CameraVC.m in Sources */,
				1C0B965F1B0677A300E43B62 /* RegionMonitor.m in Sources */,
				1C49920C1B2CE9F60011048B /* NetworkingVC.m in Sources */,
				1C168F211B1A5080003957BD /* MultiThreadVC.m in Sources */,
				1C153F8C1B039D5200187EB7 /* main.m in Sources */,
			);
			runOnlyForDeploymentPostprocessing = 0;
		};
		1C153F9E1B039D5200187EB7 /* Sources */ = {
			isa = PBXSourcesBuildPhase;
			buildActionMask = 2147483647;
			files = (
				1C153FA91B039D5200187EB7 /* iOSWorkshopTests.m in Sources */,
				1CECEF201B2FAFCC00A1CA73 /* CameraVC.m in Sources */,
			);
			runOnlyForDeploymentPostprocessing = 0;
		};
/* End PBXSourcesBuildPhase section */

/* Begin PBXTargetDependency section */
		1C153FA41B039D5200187EB7 /* PBXTargetDependency */ = {
			isa = PBXTargetDependency;
			target = 1C153F851B039D5200187EB7 /* iOSWorkshop */;
			targetProxy = 1C153FA31B039D5200187EB7 /* PBXContainerItemProxy */;
		};
/* End PBXTargetDependency section */

/* Begin PBXVariantGroup section */
		1C153F961B039D5200187EB7 /* Main.storyboard */ = {
			isa = PBXVariantGroup;
			children = (
				1C153F971B039D5200187EB7 /* Base */,
			);
			name = Main.storyboard;
			sourceTree = "<group>";
		};
		1C153F9B1B039D5200187EB7 /* LaunchScreen.xib */ = {
			isa = PBXVariantGroup;
			children = (
				1C153F9C1B039D5200187EB7 /* Base */,
			);
			name = LaunchScreen.xib;
			sourceTree = "<group>";
		};
/* End PBXVariantGroup section */

/* Begin XCBuildConfiguration section */
		1C153FAA1B039D5200187EB7 /* Debug */ = {
			isa = XCBuildConfiguration;
			buildSettings = {
				ALWAYS_SEARCH_USER_PATHS = NO;
				CLANG_CXX_LANGUAGE_STANDARD = "gnu++0x";
				CLANG_CXX_LIBRARY = "libc++";
				CLANG_ENABLE_MODULES = YES;
				CLANG_ENABLE_OBJC_ARC = YES;
				CLANG_WARN_BOOL_CONVERSION = YES;
				CLANG_WARN_CONSTANT_CONVERSION = YES;
				CLANG_WARN_DIRECT_OBJC_ISA_USAGE = YES_ERROR;
				CLANG_WARN_EMPTY_BODY = YES;
				CLANG_WARN_ENUM_CONVERSION = YES;
				CLANG_WARN_INT_CONVERSION = YES;
				CLANG_WARN_OBJC_ROOT_CLASS = YES_ERROR;
				CLANG_WARN_UNREACHABLE_CODE = YES;
				CLANG_WARN__DUPLICATE_METHOD_MATCH = YES;
				"CODE_SIGN_IDENTITY[sdk=iphoneos*]" = "iPhone Developer";
				COPY_PHASE_STRIP = NO;
				DEBUG_INFORMATION_FORMAT = "dwarf-with-dsym";
				ENABLE_STRICT_OBJC_MSGSEND = YES;
				GCC_C_LANGUAGE_STANDARD = gnu99;
				GCC_DYNAMIC_NO_PIC = NO;
				GCC_NO_COMMON_BLOCKS = YES;
				GCC_OPTIMIZATION_LEVEL = 0;
				GCC_PREPROCESSOR_DEFINITIONS = (
					"DEBUG=1",
					"$(inherited)",
				);
				GCC_SYMBOLS_PRIVATE_EXTERN = NO;
				GCC_WARN_64_TO_32_BIT_CONVERSION = YES;
				GCC_WARN_ABOUT_RETURN_TYPE = YES_ERROR;
				GCC_WARN_UNDECLARED_SELECTOR = YES;
				GCC_WARN_UNINITIALIZED_AUTOS = YES_AGGRESSIVE;
				GCC_WARN_UNUSED_FUNCTION = YES;
				GCC_WARN_UNUSED_VARIABLE = YES;
				IPHONEOS_DEPLOYMENT_TARGET = 8.3;
				MTL_ENABLE_DEBUG_INFO = YES;
				ONLY_ACTIVE_ARCH = YES;
				SDKROOT = iphoneos;
				TARGETED_DEVICE_FAMILY = "1,2";
			};
			name = Debug;
		};
		1C153FAB1B039D5200187EB7 /* Release */ = {
			isa = XCBuildConfiguration;
			buildSettings = {
				ALWAYS_SEARCH_USER_PATHS = NO;
				CLANG_CXX_LANGUAGE_STANDARD = "gnu++0x";
				CLANG_CXX_LIBRARY = "libc++";
				CLANG_ENABLE_MODULES = YES;
				CLANG_ENABLE_OBJC_ARC = YES;
				CLANG_WARN_BOOL_CONVERSION = YES;
				CLANG_WARN_CONSTANT_CONVERSION = YES;
				CLANG_WARN_DIRECT_OBJC_ISA_USAGE = YES_ERROR;
				CLANG_WARN_EMPTY_BODY = YES;
				CLANG_WARN_ENUM_CONVERSION = YES;
				CLANG_WARN_INT_CONVERSION = YES;
				CLANG_WARN_OBJC_ROOT_CLASS = YES_ERROR;
				CLANG_WARN_UNREACHABLE_CODE = YES;
				CLANG_WARN__DUPLICATE_METHOD_MATCH = YES;
				"CODE_SIGN_IDENTITY[sdk=iphoneos*]" = "iPhone Developer";
				COPY_PHASE_STRIP = NO;
				DEBUG_INFORMATION_FORMAT = "dwarf-with-dsym";
				ENABLE_NS_ASSERTIONS = NO;
				ENABLE_STRICT_OBJC_MSGSEND = YES;
				GCC_C_LANGUAGE_STANDARD = gnu99;
				GCC_NO_COMMON_BLOCKS = YES;
				GCC_WARN_64_TO_32_BIT_CONVERSION = YES;
				GCC_WARN_ABOUT_RETURN_TYPE = YES_ERROR;
				GCC_WARN_UNDECLARED_SELECTOR = YES;
				GCC_WARN_UNINITIALIZED_AUTOS = YES_AGGRESSIVE;
				GCC_WARN_UNUSED_FUNCTION = YES;
				GCC_WARN_UNUSED_VARIABLE = YES;
				IPHONEOS_DEPLOYMENT_TARGET = 8.3;
				MTL_ENABLE_DEBUG_INFO = NO;
				SDKROOT = iphoneos;
				TARGETED_DEVICE_FAMILY = "1,2";
				VALIDATE_PRODUCT = YES;
			};
			name = Release;
		};
		1C153FAD1B039D5200187EB7 /* Debug */ = {
			isa = XCBuildConfiguration;
			buildSettings = {
				ASSETCATALOG_COMPILER_APPICON_NAME = AppIcon;
				CODE_SIGN_IDENTITY = "iPhone Developer";
				"CODE_SIGN_IDENTITY[sdk=iphoneos*]" = "iPhone Developer: Pedro Ontiveros (R33N75DBJE)";
				INFOPLIST_FILE = iOS8Fundamentals/Info.plist;
				IPHONEOS_DEPLOYMENT_TARGET = 7.0;
				LD_RUNPATH_SEARCH_PATHS = "$(inherited) @executable_path/Frameworks";
				PRODUCT_NAME = iOSWorkshop;
				PROVISIONING_PROFILE = "3b10df13-be3e-42d5-afe2-af8faa2061eb";
			};
			name = Debug;
		};
		1C153FAE1B039D5200187EB7 /* Release */ = {
			isa = XCBuildConfiguration;
			buildSettings = {
				ASSETCATALOG_COMPILER_APPICON_NAME = AppIcon;
				CODE_SIGN_IDENTITY = "iPhone Developer";
				"CODE_SIGN_IDENTITY[sdk=iphoneos*]" = "iPhone Developer";
				INFOPLIST_FILE = iOS8Fundamentals/Info.plist;
				IPHONEOS_DEPLOYMENT_TARGET = 7.0;
				LD_RUNPATH_SEARCH_PATHS = "$(inherited) @executable_path/Frameworks";
				PRODUCT_NAME = iOSWorkshop;
				PROVISIONING_PROFILE = "3b10df13-be3e-42d5-afe2-af8faa2061eb";
			};
			name = Release;
		};
		1C153FB01B039D5200187EB7 /* Debug */ = {
			isa = XCBuildConfiguration;
			buildSettings = {
				BUNDLE_LOADER = "$(TEST_HOST)";
				FRAMEWORK_SEARCH_PATHS = (
					"$(SDKROOT)/Developer/Library/Frameworks",
					"$(inherited)",
				);
				GCC_PREPROCESSOR_DEFINITIONS = (
					"DEBUG=1",
					"$(inherited)",
				);
				INFOPLIST_FILE = iOS8FundamentalsTests/Info.plist;
				LD_RUNPATH_SEARCH_PATHS = "$(inherited) @executable_path/Frameworks @loader_path/Frameworks";
				PRODUCT_NAME = iOSWorkshopTests;
				TEST_HOST = "$(BUILT_PRODUCTS_DIR)/iOS8Fundamentals.app/iOS8Fundamentals";
			};
			name = Debug;
		};
		1C153FB11B039D5200187EB7 /* Release */ = {
			isa = XCBuildConfiguration;
			buildSettings = {
				BUNDLE_LOADER = "$(TEST_HOST)";
				FRAMEWORK_SEARCH_PATHS = (
					"$(SDKROOT)/Developer/Library/Frameworks",
					"$(inherited)",
				);
				INFOPLIST_FILE = iOS8FundamentalsTests/Info.plist;
				LD_RUNPATH_SEARCH_PATHS = "$(inherited) @executable_path/Frameworks @loader_path/Frameworks";
				PRODUCT_NAME = iOSWorkshopTests;
				TEST_HOST = "$(BUILT_PRODUCTS_DIR)/iOS8Fundamentals.app/iOS8Fundamentals";
			};
			name = Release;
		};
/* End XCBuildConfiguration section */

/* Begin XCConfigurationList section */
		1C153F811B039D5200187EB7 /* Build configuration list for PBXProject "iOSWorkshop" */ = {
			isa = XCConfigurationList;
			buildConfigurations = (
				1C153FAA1B039D5200187EB7 /* Debug */,
				1C153FAB1B039D5200187EB7 /* Release */,
			);
			defaultConfigurationIsVisible = 0;
			defaultConfigurationName = Release;
		};
		1C153FAC1B039D5200187EB7 /* Build configuration list for PBXNativeTarget "iOSWorkshop" */ = {
			isa = XCConfigurationList;
			buildConfigurations = (
				1C153FAD1B039D5200187EB7 /* Debug */,
				1C153FAE1B039D5200187EB7 /* Release */,
			);
			defaultConfigurationIsVisible = 0;
			defaultConfigurationName = Release;
		};
		1C153FAF1B039D5200187EB7 /* Build configuration list for PBXNativeTarget "iOSWorkshopTests" */ = {
			isa = XCConfigurationList;
			buildConfigurations = (
				1C153FB01B039D5200187EB7 /* Debug */,
				1C153FB11B039D5200187EB7 /* Release */,
			);
			defaultConfigurationIsVisible = 0;
			defaultConfigurationName = Release;
		};
/* End XCConfigurationList section */

/* Begin XCVersionGroup section */
		1C153F901B039D5200187EB7 /* iOSWorkshop.xcdatamodeld */ = {
			isa = XCVersionGroup;
			children = (
				1C153F911B039D5200187EB7 /* iOSWorkshop.xcdatamodel */,
			);
			currentVersion = 1C153F911B039D5200187EB7 /* iOSWorkshop.xcdatamodel */;
			path = iOSWorkshop.xcdatamodeld;
			sourceTree = "<group>";
			versionGroupType = wrapper.xcdatamodel;
		};
/* End XCVersionGroup section */
	};
	rootObject = 1C153F7E1B039D5200187EB7 /* Project object */;
}
